{
  "name": "bweb",
  "version": "0.2.0",
  "lockfileVersion": 2,
  "requires": true,
  "packages": {
    "": {
      "name": "bweb",
      "version": "0.2.0",
      "license": "MIT",
      "dependencies": {
        "bsert": "~0.0.10",
        "bsock": "~0.1.9"
      },
      "bin": {
        "bweb": "bin/bweb"
      },
      "devDependencies": {
        "bmocha": "^2.1.8"
      },
      "engines": {
        "node": ">=8.0.0"
      }
    },
    "node_modules/bmocha": {
      "version": "2.1.8",
      "resolved": "https://registry.npmjs.org/bmocha/-/bmocha-2.1.8.tgz",
      "integrity": "sha512-bog23Ckl9lRyBxrsi4FmX1rTz4d1WhHRpIA+q2lpoiXmNuroMHr1JUOU5sPiMZwvhLCxqffvWv3xCJC7PC126w==",
      "dev": true,
      "bin": {
        "_bmocha": "bin/_bmocha",
        "bmocha": "bin/bmocha"
      },
      "engines": {
        "node": ">=8.0.0"
      }
    },
    "node_modules/bsert": {
      "version": "0.0.10",
      "resolved": "https://registry.npmjs.org/bsert/-/bsert-0.0.10.tgz",
      "integrity": "sha512-NHNwlac+WPy4t2LoNh8pXk8uaIGH3NSaIUbTTRXGpE2WEbq0te/tDykYHkFK57YKLPjv/aGHmbqvnGeVWDz57Q==",
      "engines": {
        "node": ">=8.0.0"
      }
    },
    "node_modules/bsock": {
      "version": "0.1.9",
      "resolved": "https://registry.npmjs.org/bsock/-/bsock-0.1.9.tgz",
      "integrity": "sha512-/l9Kg/c5o+n/0AqreMxh2jpzDMl1ikl4gUxT7RFNe3A3YRIyZkiREhwcjmqxiymJSRI/Qhew357xGn1SLw/xEw==",
      "dependencies": {
        "bsert": "~0.0.10"
      },
      "engines": {
        "node": ">=8.0.0"
      }
    }
  },
  "dependencies": {
    "bmocha": {
      "version": "2.1.8",
      "resolved": "https://registry.npmjs.org/bmocha/-/bmocha-2.1.8.tgz",
      "integrity": "sha512-bog23Ckl9lRyBxrsi4FmX1rTz4d1WhHRpIA+q2lpoiXmNuroMHr1JUOU5sPiMZwvhLCxqffvWv3xCJC7PC126w==",
      "dev": true
    },
    "bsert": {
      "version": "0.0.10",
      "resolved": "https://registry.npmjs.org/bsert/-/bsert-0.0.10.tgz",
      "integrity": "sha512-NHNwlac+WPy4t2LoNh8pXk8uaIGH3NSaIUbTTRXGpE2WEbq0te/tDykYHkFK57YKLPjv/aGHmbqvnGeVWDz57Q=="
    },
    "bsock": {
      "version": "0.1.9",
      "resolved": "https://registry.npmjs.org/bsock/-/bsock-0.1.9.tgz",
      "integrity": "sha512-/l9Kg/c5o+n/0AqreMxh2jpzDMl1ikl4gUxT7RFNe3A3YRIyZkiREhwcjmqxiymJSRI/Qhew357xGn1SLw/xEw==",
      "requires": {
        "bsert": "~0.0.10"
      }
    }
  }
}
