{
  "name": "bweb",
  "version": "0.1.9",
  "lockfileVersion": 1,
  "requires": true,
  "dependencies": {
    "bmocha": {
      "version": "2.1.2",
      "resolved": "https://registry.npmjs.org/bmocha/-/bmocha-2.1.2.tgz",
      "integrity": "sha512-EvcGGQCbRnF3/Uq+gNIrWdNY65eDok17i7AKEY/xTLGFk812GdqEQ/FW8X1X1lyH5IlLshjubDjyC4HRWeCt7g==",
      "dev": true
    },
    "bsert": {
      "version": "0.0.10",
      "resolved": "https://registry.npmjs.org/bsert/-/bsert-0.0.10.tgz",
      "integrity": "sha512-NHNwlac+WPy4t2LoNh8pXk8uaIGH3NSaIUbTTRXGpE2WEbq0te/tDykYHkFK57YKLPjv/aGHmbqvnGeVWDz57Q=="
    },
    "bsock": {
      "version": "0.1.9",
      "resolved": "https://registry.npmjs.org/bsock/-/bsock-0.1.9.tgz",
      "integrity": "sha512-/l9Kg/c5o+n/0AqreMxh2jpzDMl1ikl4gUxT7RFNe3A3YRIyZkiREhwcjmqxiymJSRI/Qhew357xGn1SLw/xEw==",
      "requires": {
        "bsert": "~0.0.10"
      }
    }
  }
}
